
Microsoft Visual Studio Solution File, Format Version 12.00
# Visual Studio 15
VisualStudioVersion = 15.0.28307.421
MinimumVisualStudioVersion = 10.0.40219.1
Project("{FAE04EC0-301F-11D3-BF4B-00C04F79EFBC}") = "Manhonga.Core", "Manhonga.Core\Manhonga.Core.csproj", "{DCC4C266-9178-414F-AAC9-80C23AEF1DC1}"
EndProject
Project("{FAE04EC0-301F-11D3-BF4B-00C04F79EFBC}") = "Manhonga.Services", "Manhonga.Services\Manhonga.Services.csproj", "{296B462A-FB27-4449-9E10-B1407733D54E}"
EndProject
Project("{FAE04EC0-301F-11D3-BF4B-00C04F79EFBC}") = "Manhonga.DataAccess.SQL", "Manhong.DataAccess.SQL\Manhonga.DataAccess.SQL.csproj", "{CD844F71-05F1-498B-85C9-68B6AF4806E4}"
EndProject
Project("{FAE04EC0-301F-11D3-BF4B-00C04F79EFBC}") = "Manhonga.DataAccess.InMemory", "Manhonga.DataAccess.InMemory\Manhonga.DataAccess.InMemory.csproj", "{EF6D4391-5FF7-4F1E-AF68-DE99117FA463}"
EndProject
Project("{FAE04EC0-301F-11D3-BF4B-00C04F79EFBC}") = "Manhonga.WebUI", "Manhonga.WebUI\Manhonga.WebUI.csproj", "{ACFC135C-DEF5-4114-92D3-17F0F8361626}"
EndProject
Project("{FAE04EC0-301F-11D3-BF4B-00C04F79EFBC}") = "Manhonga.WebUI.Tests", "Manhonga.WebUI.Tests\Manhonga.WebUI.Tests.csproj", "{626615E2-793B-4A28-97AC-5D7E0CC8C99F}"
EndProject
Global
	GlobalSection(SolutionConfigurationPlatforms) = preSolution
		Debug|Any CPU = Debug|Any CPU
		Release|Any CPU = Release|Any CPU
	EndGlobalSection
	GlobalSection(ProjectConfigurationPlatforms) = postSolution
		{DCC4C266-9178-414F-AAC9-80C23AEF1DC1}.Debug|Any CPU.ActiveCfg = Debug|Any CPU
		{DCC4C266-9178-414F-AAC9-80C23AEF1DC1}.Debug|Any CPU.Build.0 = Debug|Any CPU
		{DCC4C266-9178-414F-AAC9-80C23AEF1DC1}.Release|Any CPU.ActiveCfg = Release|Any CPU
		{DCC4C266-9178-414F-AAC9-80C23AEF1DC1}.Release|Any CPU.Build.0 = Release|Any CPU
		{296B462A-FB27-4449-9E10-B1407733D54E}.Debug|Any CPU.ActiveCfg = Debug|Any CPU
		{296B462A-FB27-4449-9E10-B1407733D54E}.Debug|Any CPU.Build.0 = Debug|Any CPU
		{296B462A-FB27-4449-9E10-B1407733D54E}.Release|Any CPU.ActiveCfg = Release|Any CPU
		{296B462A-FB27-4449-9E10-B1407733D54E}.Release|Any CPU.Build.0 = Release|Any CPU
		{CD844F71-05F1-498B-85C9-68B6AF4806E4}.Debug|Any CPU.ActiveCfg = Debug|Any CPU
		{CD844F71-05F1-498B-85C9-68B6AF4806E4}.Debug|Any CPU.Build.0 = Debug|Any CPU
		{CD844F71-05F1-498B-85C9-68B6AF4806E4}.Release|Any CPU.ActiveCfg = Release|Any CPU
		{CD844F71-05F1-498B-85C9-68B6AF4806E4}.Release|Any CPU.Build.0 = Release|Any CPU
		{EF6D4391-5FF7-4F1E-AF68-DE99117FA463}.Debug|Any CPU.ActiveCfg = Debug|Any CPU
		{EF6D4391-5FF7-4F1E-AF68-DE99117FA463}.Debug|Any CPU.Build.0 = Debug|Any CPU
		{EF6D4391-5FF7-4F1E-AF68-DE99117FA463}.Release|Any CPU.ActiveCfg = Release|Any CPU
		{EF6D4391-5FF7-4F1E-AF68-DE99117FA463}.Release|Any CPU.Build.0 = Release|Any CPU
		{ACFC135C-DEF5-4114-92D3-17F0F8361626}.Debug|Any CPU.ActiveCfg = Debug|Any CPU
		{ACFC135C-DEF5-4114-92D3-17F0F8361626}.Debug|Any CPU.Build.0 = Debug|Any CPU
		{ACFC135C-DEF5-4114-92D3-17F0F8361626}.Release|Any CPU.ActiveCfg = Release|Any CPU
		{ACFC135C-DEF5-4114-92D3-17F0F8361626}.Release|Any CPU.Build.0 = Release|Any CPU
		{626615E2-793B-4A28-97AC-5D7E0CC8C99F}.Debug|Any CPU.ActiveCfg = Debug|Any CPU
		{626615E2-793B-4A28-97AC-5D7E0CC8C99F}.Debug|Any CPU.Build.0 = Debug|Any CPU
		{626615E2-793B-4A28-97AC-5D7E0CC8C99F}.Release|Any CPU.ActiveCfg = Release|Any CPU
		{626615E2-793B-4A28-97AC-5D7E0CC8C99F}.Release|Any CPU.Build.0 = Release|Any CPU
	EndGlobalSection
	GlobalSection(SolutionProperties) = preSolution
		HideSolutionNode = FALSE
	EndGlobalSection
	GlobalSection(ExtensibilityGlobals) = postSolution
		SolutionGuid = {D3E9076A-5AB8-44B6-8EB1-ABB5ADF6D024}
	EndGlobalSection
EndGlobal
